
Microsoft Visual Studio Solution File, Format Version 12.00
# Visual Studio Version 16
VisualStudioVersion = 16.0.31702.278
MinimumVisualStudioVersion = 10.0.40219.1
Project("{FAE04EC0-301F-11D3-BF4B-00C04F79EFBC}") = "pz_2_5", "pz_2_5.csproj", "{02BF26CA-C707-494F-A60B-E6B45F984658}"
EndProject
Global
	GlobalSection(SolutionConfigurationPlatforms) = preSolution
		Debug|Any CPU = Debug|Any CPU
		Release|Any CPU = Release|Any CPU
	EndGlobalSection
	GlobalSection(ProjectConfigurationPlatforms) = postSolution
		{02BF26CA-C707-494F-A60B-E6B45F984658}.Debug|Any CPU.ActiveCfg = Debug|Any CPU
		{02BF26CA-C707-494F-A60B-E6B45F984658}.Debug|Any CPU.Build.0 = Debug|Any CPU
		{02BF26CA-C707-494F-A60B-E6B45F984658}.Release|Any CPU.ActiveCfg = Release|Any CPU
		{02BF26CA-C707-494F-A60B-E6B45F984658}.Release|Any CPU.Build.0 = Release|Any CPU
	EndGlobalSection
	GlobalSection(SolutionProperties) = preSolution
		HideSolutionNode = FALSE
	EndGlobalSection
	GlobalSection(ExtensibilityGlobals) = postSolution
		SolutionGuid = {65790A63-6410-4FC1-9307-A52357570EBF}
	EndGlobalSection
EndGlobal
