
Microsoft Visual Studio Solution File, Format Version 12.00
# Visual Studio Version 16
VisualStudioVersion = 16.0.31702.278
MinimumVisualStudioVersion = 10.0.40219.1
Project("{FAE04EC0-301F-11D3-BF4B-00C04F79EFBC}") = "pz_14", "pz_14.csproj", "{2FD00757-8EBD-4DC2-BC14-C515E7E58F21}"
EndProject
Global
	GlobalSection(SolutionConfigurationPlatforms) = preSolution
		Debug|Any CPU = Debug|Any CPU
		Release|Any CPU = Release|Any CPU
	EndGlobalSection
	GlobalSection(ProjectConfigurationPlatforms) = postSolution
		{2FD00757-8EBD-4DC2-BC14-C515E7E58F21}.Debug|Any CPU.ActiveCfg = Debug|Any CPU
		{2FD00757-8EBD-4DC2-BC14-C515E7E58F21}.Debug|Any CPU.Build.0 = Debug|Any CPU
		{2FD00757-8EBD-4DC2-BC14-C515E7E58F21}.Release|Any CPU.ActiveCfg = Release|Any CPU
		{2FD00757-8EBD-4DC2-BC14-C515E7E58F21}.Release|Any CPU.Build.0 = Release|Any CPU
	EndGlobalSection
	GlobalSection(SolutionProperties) = preSolution
		HideSolutionNode = FALSE
	EndGlobalSection
	GlobalSection(ExtensibilityGlobals) = postSolution
		SolutionGuid = {16CE2D6A-152F-4308-BB47-BB418B67A262}
	EndGlobalSection
EndGlobal
