
Microsoft Visual Studio Solution File, Format Version 12.00
# Visual Studio Version 16
VisualStudioVersion = 16.0.31702.278
MinimumVisualStudioVersion = 10.0.40219.1
Project("{FAE04EC0-301F-11D3-BF4B-00C04F79EFBC}") = "pz_2_6", "pz_2_6.csproj", "{AB438FF3-CE6A-4404-8FAB-9DBE4DFDDD7F}"
EndProject
Global
	GlobalSection(SolutionConfigurationPlatforms) = preSolution
		Debug|Any CPU = Debug|Any CPU
		Release|Any CPU = Release|Any CPU
	EndGlobalSection
	GlobalSection(ProjectConfigurationPlatforms) = postSolution
		{AB438FF3-CE6A-4404-8FAB-9DBE4DFDDD7F}.Debug|Any CPU.ActiveCfg = Debug|Any CPU
		{AB438FF3-CE6A-4404-8FAB-9DBE4DFDDD7F}.Debug|Any CPU.Build.0 = Debug|Any CPU
		{AB438FF3-CE6A-4404-8FAB-9DBE4DFDDD7F}.Release|Any CPU.ActiveCfg = Release|Any CPU
		{AB438FF3-CE6A-4404-8FAB-9DBE4DFDDD7F}.Release|Any CPU.Build.0 = Release|Any CPU
	EndGlobalSection
	GlobalSection(SolutionProperties) = preSolution
		HideSolutionNode = FALSE
	EndGlobalSection
	GlobalSection(ExtensibilityGlobals) = postSolution
		SolutionGuid = {DEE321D4-A508-4E23-B2A0-2A489E713AE1}
	EndGlobalSection
EndGlobal
