
Microsoft Visual Studio Solution File, Format Version 12.00
# Visual Studio Version 16
VisualStudioVersion = 16.0.31702.278
MinimumVisualStudioVersion = 10.0.40219.1
Project("{FAE04EC0-301F-11D3-BF4B-00C04F79EFBC}") = "pz_17", "pz_17.csproj", "{2B0FB519-7F9D-4BA2-B71C-2458DA5FEEEA}"
EndProject
Global
	GlobalSection(SolutionConfigurationPlatforms) = preSolution
		Debug|Any CPU = Debug|Any CPU
		Release|Any CPU = Release|Any CPU
	EndGlobalSection
	GlobalSection(ProjectConfigurationPlatforms) = postSolution
		{2B0FB519-7F9D-4BA2-B71C-2458DA5FEEEA}.Debug|Any CPU.ActiveCfg = Debug|Any CPU
		{2B0FB519-7F9D-4BA2-B71C-2458DA5FEEEA}.Debug|Any CPU.Build.0 = Debug|Any CPU
		{2B0FB519-7F9D-4BA2-B71C-2458DA5FEEEA}.Release|Any CPU.ActiveCfg = Release|Any CPU
		{2B0FB519-7F9D-4BA2-B71C-2458DA5FEEEA}.Release|Any CPU.Build.0 = Release|Any CPU
	EndGlobalSection
	GlobalSection(SolutionProperties) = preSolution
		HideSolutionNode = FALSE
	EndGlobalSection
	GlobalSection(ExtensibilityGlobals) = postSolution
		SolutionGuid = {D9A96D21-B4F9-44AE-80C0-95AE11B15D72}
	EndGlobalSection
EndGlobal
